// !$*UTF8*$!
{
	archiveVersion = 1;
	classes = {
	};
	objectVersion = 50;
	objects = {

/* Begin PBXBuildFile section */
		738FBCD42543358D006CDD80 /* NetworkClient.swift in Sources */ = {isa = PBXBuildFile; fileRef = 738FBCD32543358D006CDD80 /* NetworkClient.swift */; };
		738FBCD7254335E4006CDD80 /* NetworkClientDefault.swift in Sources */ = {isa = PBXBuildFile; fileRef = 738FBCD6254335E4006CDD80 /* NetworkClientDefault.swift */; };
		738FBCDC25433D6A006CDD80 /* NetworkSearchResource.swift in Sources */ = {isa = PBXBuildFile; fileRef = 738FBCDB25433D6A006CDD80 /* NetworkSearchResource.swift */; };
		738FBCDF25434F69006CDD80 /* URLSessioDataTask+CancellableTask.swift in Sources */ = {isa = PBXBuildFile; fileRef = 738FBCDE25434F69006CDD80 /* URLSessioDataTask+CancellableTask.swift */; };
		739A83BA2542F9EC00E47A25 /* AppDelegate.swift in Sources */ = {isa = PBXBuildFile; fileRef = 739A83B92542F9EC00E47A25 /* AppDelegate.swift */; };
		739A83BE2542F9EC00E47A25 /* SelectDestinationAirportViewController.swift in Sources */ = {isa = PBXBuildFile; fileRef = 739A83BD2542F9EC00E47A25 /* SelectDestinationAirportViewController.swift */; };
		739A83C12542F9EC00E47A25 /* EscapeSpb.storyboard in Resources */ = {isa = PBXBuildFile; fileRef = 739A83BF2542F9EC00E47A25 /* EscapeSpb.storyboard */; };
		739A83C32542F9EE00E47A25 /* Assets.xcassets in Resources */ = {isa = PBXBuildFile; fileRef = 739A83C22542F9EE00E47A25 /* Assets.xcassets */; };
		739A83C62542F9EE00E47A25 /* LaunchScreen.storyboard in Resources */ = {isa = PBXBuildFile; fileRef = 739A83C42542F9EE00E47A25 /* LaunchScreen.storyboard */; };
		739A83D72543114400E47A25 /* AppCoordinator.swift in Sources */ = {isa = PBXBuildFile; fileRef = 739A83D62543114400E47A25 /* AppCoordinator.swift */; };
		739A83DB254312B800E47A25 /* DependencyContainer.swift in Sources */ = {isa = PBXBuildFile; fileRef = 739A83DA254312B800E47A25 /* DependencyContainer.swift */; };
		739A83DE2543147700E47A25 /* Container.swift in Sources */ = {isa = PBXBuildFile; fileRef = 739A83DD2543147700E47A25 /* Container.swift */; };
		739A83E025431D4800E47A25 /* ContainerFactory.swift in Sources */ = {isa = PBXBuildFile; fileRef = 739A83DF25431D4800E47A25 /* ContainerFactory.swift */; };
		739F525525436225000A6CED /* Airport.swift in Sources */ = {isa = PBXBuildFile; fileRef = 739F525425436225000A6CED /* Airport.swift */; };
		73D177632543685E001DD621 /* AirportsService.swift in Sources */ = {isa = PBXBuildFile; fileRef = 73D177622543685E001DD621 /* AirportsService.swift */; };
		73D17765254369BB001DD621 /* AirportsServiceDefault.swift in Sources */ = {isa = PBXBuildFile; fileRef = 73D17764254369BB001DD621 /* AirportsServiceDefault.swift */; };
		73D1776725438830001DD621 /* EscapeSpbFlow.swift in Sources */ = {isa = PBXBuildFile; fileRef = 73D1776625438830001DD621 /* EscapeSpbFlow.swift */; };
		73D1776C25438F67001DD621 /* CustomNavigationController.swift in Sources */ = {isa = PBXBuildFile; fileRef = 73D1776B25438F67001DD621 /* CustomNavigationController.swift */; };
/* End PBXBuildFile section */

/* Begin PBXFileReference section */
		738FBCD32543358D006CDD80 /* NetworkClient.swift */ = {isa = PBXFileReference; lastKnownFileType = sourcecode.swift; path = NetworkClient.swift; sourceTree = "<group>"; };
		738FBCD6254335E4006CDD80 /* NetworkClientDefault.swift */ = {isa = PBXFileReference; lastKnownFileType = sourcecode.swift; path = NetworkClientDefault.swift; sourceTree = "<group>"; };
		738FBCDB25433D6A006CDD80 /* NetworkSearchResource.swift */ = {isa = PBXFileReference; lastKnownFileType = sourcecode.swift; path = NetworkSearchResource.swift; sourceTree = "<group>"; };
		738FBCDE25434F69006CDD80 /* URLSessioDataTask+CancellableTask.swift */ = {isa = PBXFileReference; lastKnownFileType = sourcecode.swift; path = "URLSessioDataTask+CancellableTask.swift"; sourceTree = "<group>"; };
		739A83B62542F9EC00E47A25 /* Saviaales.app */ = {isa = PBXFileReference; explicitFileType = wrapper.application; includeInIndex = 0; path = Saviaales.app; sourceTree = BUILT_PRODUCTS_DIR; };
		739A83B92542F9EC00E47A25 /* AppDelegate.swift */ = {isa = PBXFileReference; lastKnownFileType = sourcecode.swift; path = AppDelegate.swift; sourceTree = "<group>"; };
		739A83BD2542F9EC00E47A25 /* SelectDestinationAirportViewController.swift */ = {isa = PBXFileReference; lastKnownFileType = sourcecode.swift; path = SelectDestinationAirportViewController.swift; sourceTree = "<group>"; };
		739A83C02542F9EC00E47A25 /* Base */ = {isa = PBXFileReference; lastKnownFileType = file.storyboard; name = Base; path = Base.lproj/EscapeSpb.storyboard; sourceTree = "<group>"; };
		739A83C22542F9EE00E47A25 /* Assets.xcassets */ = {isa = PBXFileReference; lastKnownFileType = folder.assetcatalog; path = Assets.xcassets; sourceTree = "<group>"; };
		739A83C52542F9EE00E47A25 /* Base */ = {isa = PBXFileReference; lastKnownFileType = file.storyboard; name = Base; path = Base.lproj/LaunchScreen.storyboard; sourceTree = "<group>"; };
		739A83C72542F9EE00E47A25 /* Info.plist */ = {isa = PBXFileReference; lastKnownFileType = text.plist.xml; path = Info.plist; sourceTree = "<group>"; };
		739A83D62543114400E47A25 /* AppCoordinator.swift */ = {isa = PBXFileReference; lastKnownFileType = sourcecode.swift; path = AppCoordinator.swift; sourceTree = "<group>"; };
		739A83DA254312B800E47A25 /* DependencyContainer.swift */ = {isa = PBXFileReference; lastKnownFileType = sourcecode.swift; path = DependencyContainer.swift; sourceTree = "<group>"; };
		739A83DD2543147700E47A25 /* Container.swift */ = {isa = PBXFileReference; lastKnownFileType = sourcecode.swift; path = Container.swift; sourceTree = "<group>"; };
		739A83DF25431D4800E47A25 /* ContainerFactory.swift */ = {isa = PBXFileReference; lastKnownFileType = sourcecode.swift; path = ContainerFactory.swift; sourceTree = "<group>"; };
		739F525425436225000A6CED /* Airport.swift */ = {isa = PBXFileReference; lastKnownFileType = sourcecode.swift; path = Airport.swift; sourceTree = "<group>"; };
		73D177622543685E001DD621 /* AirportsService.swift */ = {isa = PBXFileReference; lastKnownFileType = sourcecode.swift; path = AirportsService.swift; sourceTree = "<group>"; };
		73D17764254369BB001DD621 /* AirportsServiceDefault.swift */ = {isa = PBXFileReference; lastKnownFileType = sourcecode.swift; path = AirportsServiceDefault.swift; sourceTree = "<group>"; };
		73D1776625438830001DD621 /* EscapeSpbFlow.swift */ = {isa = PBXFileReference; lastKnownFileType = sourcecode.swift; path = EscapeSpbFlow.swift; sourceTree = "<group>"; };
		73D1776B25438F67001DD621 /* CustomNavigationController.swift */ = {isa = PBXFileReference; lastKnownFileType = sourcecode.swift; path = CustomNavigationController.swift; sourceTree = "<group>"; };
/* End PBXFileReference section */

/* Begin PBXFrameworksBuildPhase section */
		739A83B32542F9EC00E47A25 /* Frameworks */ = {
			isa = PBXFrameworksBuildPhase;
			buildActionMask = 2147483647;
			files = (
			);
			runOnlyForDeploymentPostprocessing = 0;
		};
/* End PBXFrameworksBuildPhase section */

/* Begin PBXGroup section */
		738FBCD225433525006CDD80 /* Services */ = {
			isa = PBXGroup;
			children = (
				738FBCD825433D10006CDD80 /* Airports */,
				738FBCD525433593006CDD80 /* Network */,
			);
			path = Services;
			sourceTree = "<group>";
		};
		738FBCD525433593006CDD80 /* Network */ = {
			isa = PBXGroup;
			children = (
				738FBCD32543358D006CDD80 /* NetworkClient.swift */,
				738FBCD6254335E4006CDD80 /* NetworkClientDefault.swift */,
				738FBCDB25433D6A006CDD80 /* NetworkSearchResource.swift */,
			);
			path = Network;
			sourceTree = "<group>";
		};
		738FBCD825433D10006CDD80 /* Airports */ = {
			isa = PBXGroup;
			children = (
				739F525325436217000A6CED /* Model */,
				73D177622543685E001DD621 /* AirportsService.swift */,
				73D17764254369BB001DD621 /* AirportsServiceDefault.swift */,
			);
			path = Airports;
			sourceTree = "<group>";
		};
		738FBCDD25434F4F006CDD80 /* Common */ = {
			isa = PBXGroup;
			children = (
				738FBCDE25434F69006CDD80 /* URLSessioDataTask+CancellableTask.swift */,
				73D1776B25438F67001DD621 /* CustomNavigationController.swift */,
			);
			path = Common;
			sourceTree = "<group>";
		};
		739A83AD2542F9EC00E47A25 = {
			isa = PBXGroup;
			children = (
				739A83B82542F9EC00E47A25 /* Saviaales */,
				739A83B72542F9EC00E47A25 /* Products */,
			);
			sourceTree = "<group>";
		};
		739A83B72542F9EC00E47A25 /* Products */ = {
			isa = PBXGroup;
			children = (
				739A83B62542F9EC00E47A25 /* Saviaales.app */,
			);
			name = Products;
			sourceTree = "<group>";
		};
		739A83B82542F9EC00E47A25 /* Saviaales */ = {
			isa = PBXGroup;
			children = (
				739A83CD2542FC7200E47A25 /* Sources */,
				739A83CE2542FC7A00E47A25 /* Resources */,
			);
			path = Saviaales;
			sourceTree = "<group>";
		};
		739A83CD2542FC7200E47A25 /* Sources */ = {
			isa = PBXGroup;
			children = (
				738FBCDD25434F4F006CDD80 /* Common */,
				739A83CF2542FC8C00E47A25 /* App */,
				739A83D82543116500E47A25 /* Dependecies */,
				738FBCD225433525006CDD80 /* Services */,
				739A83D02542FCDF00E47A25 /* Presentation */,
			);
			path = Sources;
			sourceTree = "<group>";
		};
		739A83CE2542FC7A00E47A25 /* Resources */ = {
			isa = PBXGroup;
			children = (
				739A83C22542F9EE00E47A25 /* Assets.xcassets */,
				739A83C42542F9EE00E47A25 /* LaunchScreen.storyboard */,
				739A83C72542F9EE00E47A25 /* Info.plist */,
			);
			path = Resources;
			sourceTree = "<group>";
		};
		739A83CF2542FC8C00E47A25 /* App */ = {
			isa = PBXGroup;
			children = (
				739A83B92542F9EC00E47A25 /* AppDelegate.swift */,
				739A83D62543114400E47A25 /* AppCoordinator.swift */,
			);
			path = App;
			sourceTree = "<group>";
		};
		739A83D02542FCDF00E47A25 /* Presentation */ = {
			isa = PBXGroup;
			children = (
				739A83D12542FCF800E47A25 /* EscapeSpbFlow */,
			);
			path = Presentation;
			sourceTree = "<group>";
		};
		739A83D12542FCF800E47A25 /* EscapeSpbFlow */ = {
			isa = PBXGroup;
			children = (
				739A83D22542FD1600E47A25 /* Views */,
				739A83D32542FD1B00E47A25 /* ViewControllers */,
				739A83BF2542F9EC00E47A25 /* EscapeSpb.storyboard */,
				73D1776625438830001DD621 /* EscapeSpbFlow.swift */,
			);
			path = EscapeSpbFlow;
			sourceTree = "<group>";
		};
		739A83D22542FD1600E47A25 /* Views */ = {
			isa = PBXGroup;
			children = (
			);
			path = Views;
			sourceTree = "<group>";
		};
		739A83D32542FD1B00E47A25 /* ViewControllers */ = {
			isa = PBXGroup;
			children = (
				739A83BD2542F9EC00E47A25 /* SelectDestinationAirportViewController.swift */,
			);
			path = ViewControllers;
			sourceTree = "<group>";
		};
		739A83D82543116500E47A25 /* Dependecies */ = {
			isa = PBXGroup;
			children = (
				739A83DA254312B800E47A25 /* DependencyContainer.swift */,
				739A83DD2543147700E47A25 /* Container.swift */,
				739A83DF25431D4800E47A25 /* ContainerFactory.swift */,
			);
			path = Dependecies;
			sourceTree = "<group>";
		};
		739F525325436217000A6CED /* Model */ = {
			isa = PBXGroup;
			children = (
				739F525425436225000A6CED /* Airport.swift */,
			);
			path = Model;
			sourceTree = "<group>";
		};
/* End PBXGroup section */

/* Begin PBXNativeTarget section */
		739A83B52542F9EC00E47A25 /* Saviaales */ = {
			isa = PBXNativeTarget;
			buildConfigurationList = 739A83CA2542F9EE00E47A25 /* Build configuration list for PBXNativeTarget "Saviaales" */;
			buildPhases = (
				739A83B22542F9EC00E47A25 /* Sources */,
				739A83B32542F9EC00E47A25 /* Frameworks */,
				739A83B42542F9EC00E47A25 /* Resources */,
			);
			buildRules = (
			);
			dependencies = (
			);
			name = Saviaales;
			productName = Saviaales;
			productReference = 739A83B62542F9EC00E47A25 /* Saviaales.app */;
			productType = "com.apple.product-type.application";
		};
/* End PBXNativeTarget section */

/* Begin PBXProject section */
		739A83AE2542F9EC00E47A25 /* Project object */ = {
			isa = PBXProject;
			attributes = {
				LastSwiftUpdateCheck = 1160;
				LastUpgradeCheck = 1160;
				ORGANIZATIONNAME = "Amir Nuriev";
				TargetAttributes = {
					739A83B52542F9EC00E47A25 = {
						CreatedOnToolsVersion = 11.6;
					};
				};
			};
			buildConfigurationList = 739A83B12542F9EC00E47A25 /* Build configuration list for PBXProject "Saviaales" */;
			compatibilityVersion = "Xcode 9.3";
			developmentRegion = en;
			hasScannedForEncodings = 0;
			knownRegions = (
				en,
				Base,
			);
			mainGroup = 739A83AD2542F9EC00E47A25;
			productRefGroup = 739A83B72542F9EC00E47A25 /* Products */;
			projectDirPath = "";
			projectRoot = "";
			targets = (
				739A83B52542F9EC00E47A25 /* Saviaales */,
			);
		};
/* End PBXProject section */

/* Begin PBXResourcesBuildPhase section */
		739A83B42542F9EC00E47A25 /* Resources */ = {
			isa = PBXResourcesBuildPhase;
			buildActionMask = 2147483647;
			files = (
				739A83C62542F9EE00E47A25 /* LaunchScreen.storyboard in Resources */,
				739A83C32542F9EE00E47A25 /* Assets.xcassets in Resources */,
				739A83C12542F9EC00E47A25 /* EscapeSpb.storyboard in Resources */,
			);
			runOnlyForDeploymentPostprocessing = 0;
		};
/* End PBXResourcesBuildPhase section */

/* Begin PBXSourcesBuildPhase section */
		739A83B22542F9EC00E47A25 /* Sources */ = {
			isa = PBXSourcesBuildPhase;
			buildActionMask = 2147483647;
			files = (
				739A83DB254312B800E47A25 /* DependencyContainer.swift in Sources */,
				739A83DE2543147700E47A25 /* Container.swift in Sources */,
				739A83D72543114400E47A25 /* AppCoordinator.swift in Sources */,
				738FBCD7254335E4006CDD80 /* NetworkClientDefault.swift in Sources */,
				73D1776725438830001DD621 /* EscapeSpbFlow.swift in Sources */,
				739A83BE2542F9EC00E47A25 /* SelectDestinationAirportViewController.swift in Sources */,
				73D1776C25438F67001DD621 /* CustomNavigationController.swift in Sources */,
				738FBCDF25434F69006CDD80 /* URLSessioDataTask+CancellableTask.swift in Sources */,
				738FBCDC25433D6A006CDD80 /* NetworkSearchResource.swift in Sources */,
				738FBCD42543358D006CDD80 /* NetworkClient.swift in Sources */,
				73D17765254369BB001DD621 /* AirportsServiceDefault.swift in Sources */,
				739F525525436225000A6CED /* Airport.swift in Sources */,
				73D177632543685E001DD621 /* AirportsService.swift in Sources */,
				739A83E025431D4800E47A25 /* ContainerFactory.swift in Sources */,
				739A83BA2542F9EC00E47A25 /* AppDelegate.swift in Sources */,
			);
			runOnlyForDeploymentPostprocessing = 0;
		};
/* End PBXSourcesBuildPhase section */

/* Begin PBXVariantGroup section */
		739A83BF2542F9EC00E47A25 /* EscapeSpb.storyboard */ = {
			isa = PBXVariantGroup;
			children = (
				739A83C02542F9EC00E47A25 /* Base */,
			);
			name = EscapeSpb.storyboard;
			sourceTree = "<group>";
		};
		739A83C42542F9EE00E47A25 /* LaunchScreen.storyboard */ = {
			isa = PBXVariantGroup;
			children = (
				739A83C52542F9EE00E47A25 /* Base */,
			);
			name = LaunchScreen.storyboard;
			sourceTree = "<group>";
		};
/* End PBXVariantGroup section */

/* Begin XCBuildConfiguration section */
		739A83C82542F9EE00E47A25 /* Debug */ = {
			isa = XCBuildConfiguration;
			buildSettings = {
				ALWAYS_SEARCH_USER_PATHS = NO;
				CLANG_ANALYZER_NONNULL = YES;
				CLANG_ANALYZER_NUMBER_OBJECT_CONVERSION = YES_AGGRESSIVE;
				CLANG_CXX_LANGUAGE_STANDARD = "gnu++14";
				CLANG_CXX_LIBRARY = "libc++";
				CLANG_ENABLE_MODULES = YES;
				CLANG_ENABLE_OBJC_ARC = YES;
				CLANG_ENABLE_OBJC_WEAK = YES;
				CLANG_WARN_BLOCK_CAPTURE_AUTORELEASING = YES;
				CLANG_WARN_BOOL_CONVERSION = YES;
				CLANG_WARN_COMMA = YES;
				CLANG_WARN_CONSTANT_CONVERSION = YES;
				CLANG_WARN_DEPRECATED_OBJC_IMPLEMENTATIONS = YES;
				CLANG_WARN_DIRECT_OBJC_ISA_USAGE = YES_ERROR;
				CLANG_WARN_DOCUMENTATION_COMMENTS = YES;
				CLANG_WARN_EMPTY_BODY = YES;
				CLANG_WARN_ENUM_CONVERSION = YES;
				CLANG_WARN_INFINITE_RECURSION = YES;
				CLANG_WARN_INT_CONVERSION = YES;
				CLANG_WARN_NON_LITERAL_NULL_CONVERSION = YES;
				CLANG_WARN_OBJC_IMPLICIT_RETAIN_SELF = YES;
				CLANG_WARN_OBJC_LITERAL_CONVERSION = YES;
				CLANG_WARN_OBJC_ROOT_CLASS = YES_ERROR;
				CLANG_WARN_RANGE_LOOP_ANALYSIS = YES;
				CLANG_WARN_STRICT_PROTOTYPES = YES;
				CLANG_WARN_SUSPICIOUS_MOVE = YES;
				CLANG_WARN_UNGUARDED_AVAILABILITY = YES_AGGRESSIVE;
				CLANG_WARN_UNREACHABLE_CODE = YES;
				CLANG_WARN__DUPLICATE_METHOD_MATCH = YES;
				COPY_PHASE_STRIP = NO;
				DEBUG_INFORMATION_FORMAT = dwarf;
				ENABLE_STRICT_OBJC_MSGSEND = YES;
				ENABLE_TESTABILITY = YES;
				GCC_C_LANGUAGE_STANDARD = gnu11;
				GCC_DYNAMIC_NO_PIC = NO;
				GCC_NO_COMMON_BLOCKS = YES;
				GCC_OPTIMIZATION_LEVEL = 0;
				GCC_PREPROCESSOR_DEFINITIONS = (
					"DEBUG=1",
					"$(inherited)",
				);
				GCC_WARN_64_TO_32_BIT_CONVERSION = YES;
				GCC_WARN_ABOUT_RETURN_TYPE = YES_ERROR;
				GCC_WARN_UNDECLARED_SELECTOR = YES;
				GCC_WARN_UNINITIALIZED_AUTOS = YES_AGGRESSIVE;
				GCC_WARN_UNUSED_FUNCTION = YES;
				GCC_WARN_UNUSED_VARIABLE = YES;
				INFOPLIST_FILE = "";
				IPHONEOS_DEPLOYMENT_TARGET = 12.0;
				MTL_ENABLE_DEBUG_INFO = INCLUDE_SOURCE;
				MTL_FAST_MATH = YES;
				ONLY_ACTIVE_ARCH = YES;
				SDKROOT = iphoneos;
				SWIFT_ACTIVE_COMPILATION_CONDITIONS = DEBUG;
				SWIFT_OPTIMIZATION_LEVEL = "-Onone";
			};
			name = Debug;
		};
		739A83C92542F9EE00E47A25 /* Release */ = {
			isa = XCBuildConfiguration;
			buildSettings = {
				ALWAYS_SEARCH_USER_PATHS = NO;
				CLANG_ANALYZER_NONNULL = YES;
				CLANG_ANALYZER_NUMBER_OBJECT_CONVERSION = YES_AGGRESSIVE;
				CLANG_CXX_LANGUAGE_STANDARD = "gnu++14";
				CLANG_CXX_LIBRARY = "libc++";
				CLANG_ENABLE_MODULES = YES;
				CLANG_ENABLE_OBJC_ARC = YES;
				CLANG_ENABLE_OBJC_WEAK = YES;
				CLANG_WARN_BLOCK_CAPTURE_AUTORELEASING = YES;
				CLANG_WARN_BOOL_CONVERSION = YES;
				CLANG_WARN_COMMA = YES;
				CLANG_WARN_CONSTANT_CONVERSION = YES;
				CLANG_WARN_DEPRECATED_OBJC_IMPLEMENTATIONS = YES;
				CLANG_WARN_DIRECT_OBJC_ISA_USAGE = YES_ERROR;
				CLANG_WARN_DOCUMENTATION_COMMENTS = YES;
				CLANG_WARN_EMPTY_BODY = YES;
				CLANG_WARN_ENUM_CONVERSION = YES;
				CLANG_WARN_INFINITE_RECURSION = YES;
				CLANG_WARN_INT_CONVERSION = YES;
				CLANG_WARN_NON_LITERAL_NULL_CONVERSION = YES;
				CLANG_WARN_OBJC_IMPLICIT_RETAIN_SELF = YES;
				CLANG_WARN_OBJC_LITERAL_CONVERSION = YES;
				CLANG_WARN_OBJC_ROOT_CLASS = YES_ERROR;
				CLANG_WARN_RANGE_LOOP_ANALYSIS = YES;
				CLANG_WARN_STRICT_PROTOTYPES = YES;
				CLANG_WARN_SUSPICIOUS_MOVE = YES;
				CLANG_WARN_UNGUARDED_AVAILABILITY = YES_AGGRESSIVE;
				CLANG_WARN_UNREACHABLE_CODE = YES;
				CLANG_WARN__DUPLICATE_METHOD_MATCH = YES;
				COPY_PHASE_STRIP = NO;
				DEBUG_INFORMATION_FORMAT = "dwarf-with-dsym";
				ENABLE_NS_ASSERTIONS = NO;
				ENABLE_STRICT_OBJC_MSGSEND = YES;
				GCC_C_LANGUAGE_STANDARD = gnu11;
				GCC_NO_COMMON_BLOCKS = YES;
				GCC_WARN_64_TO_32_BIT_CONVERSION = YES;
				GCC_WARN_ABOUT_RETURN_TYPE = YES_ERROR;
				GCC_WARN_UNDECLARED_SELECTOR = YES;
				GCC_WARN_UNINITIALIZED_AUTOS = YES_AGGRESSIVE;
				GCC_WARN_UNUSED_FUNCTION = YES;
				GCC_WARN_UNUSED_VARIABLE = YES;
				INFOPLIST_FILE = "";
				IPHONEOS_DEPLOYMENT_TARGET = 12.0;
				MTL_ENABLE_DEBUG_INFO = NO;
				MTL_FAST_MATH = YES;
				SDKROOT = iphoneos;
				SWIFT_COMPILATION_MODE = wholemodule;
				SWIFT_OPTIMIZATION_LEVEL = "-O";
				VALIDATE_PRODUCT = YES;
			};
			name = Release;
		};
		739A83CB2542F9EE00E47A25 /* Debug */ = {
			isa = XCBuildConfiguration;
			buildSettings = {
				ASSETCATALOG_COMPILER_APPICON_NAME = AppIcon;
				CODE_SIGN_STYLE = Automatic;
				DEVELOPMENT_TEAM = 948A4A3PQC;
				INFOPLIST_FILE = Saviaales/Resources/Info.plist;
				LD_RUNPATH_SEARCH_PATHS = (
					"$(inherited)",
					"@executable_path/Frameworks",
				);
				PRODUCT_BUNDLE_IDENTIFIER = amir.nuriev.Saviaales;
				PRODUCT_NAME = "$(TARGET_NAME)";
				SWIFT_VERSION = 5.0;
				TARGETED_DEVICE_FAMILY = 1;
			};
			name = Debug;
		};
		739A83CC2542F9EE00E47A25 /* Release */ = {
			isa = XCBuildConfiguration;
			buildSettings = {
				ASSETCATALOG_COMPILER_APPICON_NAME = AppIcon;
				CODE_SIGN_STYLE = Automatic;
				DEVELOPMENT_TEAM = 948A4A3PQC;
				INFOPLIST_FILE = Saviaales/Resources/Info.plist;
				LD_RUNPATH_SEARCH_PATHS = (
					"$(inherited)",
					"@executable_path/Frameworks",
				);
				PRODUCT_BUNDLE_IDENTIFIER = amir.nuriev.Saviaales;
				PRODUCT_NAME = "$(TARGET_NAME)";
				SWIFT_VERSION = 5.0;
				TARGETED_DEVICE_FAMILY = 1;
			};
			name = Release;
		};
/* End XCBuildConfiguration section */

/* Begin XCConfigurationList section */
		739A83B12542F9EC00E47A25 /* Build configuration list for PBXProject "Saviaales" */ = {
			isa = XCConfigurationList;
			buildConfigurations = (
				739A83C82542F9EE00E47A25 /* Debug */,
				739A83C92542F9EE00E47A25 /* Release */,
			);
			defaultConfigurationIsVisible = 0;
			defaultConfigurationName = Release;
		};
		739A83CA2542F9EE00E47A25 /* Build configuration list for PBXNativeTarget "Saviaales" */ = {
			isa = XCConfigurationList;
			buildConfigurations = (
				739A83CB2542F9EE00E47A25 /* Debug */,
				739A83CC2542F9EE00E47A25 /* Release */,
			);
			defaultConfigurationIsVisible = 0;
			defaultConfigurationName = Release;
		};
/* End XCConfigurationList section */
	};
	rootObject = 739A83AE2542F9EC00E47A25 /* Project object */;
}
